
Microsoft Visual Studio Solution File, Format Version 12.00
# Visual Studio 15
VisualStudioVersion = 15.0.27004.2005
MinimumVisualStudioVersion = 10.0.40219.1
Project("{FAE04EC0-301F-11D3-BF4B-00C04F79EFBC}") = "W3TRACECORE", "W3TRACECORE\W3TRACECORE.csproj", "{D628D12C-5961-42A0-AF71-A21F49A976E1}"
EndProject
Global
	GlobalSection(SolutionConfigurationPlatforms) = preSolution
		Debug|Any CPU = Debug|Any CPU
		Release|Any CPU = Release|Any CPU
	EndGlobalSection
	GlobalSection(ProjectConfigurationPlatforms) = postSolution
		{D628D12C-5961-42A0-AF71-A21F49A976E1}.Debug|Any CPU.ActiveCfg = Debug|Any CPU
		{D628D12C-5961-42A0-AF71-A21F49A976E1}.Debug|Any CPU.Build.0 = Debug|Any CPU
		{D628D12C-5961-42A0-AF71-A21F49A976E1}.Release|Any CPU.ActiveCfg = Release|Any CPU
		{D628D12C-5961-42A0-AF71-A21F49A976E1}.Release|Any CPU.Build.0 = Release|Any CPU
	EndGlobalSection
	GlobalSection(SolutionProperties) = preSolution
		HideSolutionNode = FALSE
	EndGlobalSection
	GlobalSection(ExtensibilityGlobals) = postSolution
		SolutionGuid = {90C47B64-0873-4103-8688-49097256E794}
	EndGlobalSection
EndGlobal
